// !$*UTF8*$!
{
	archiveVersion = 1;
	classes = {
	};
	objectVersion = 56;
	objects = {

/* Begin PBXBuildFile section */
		B6846D6F2A0CD71D00161C51 /* AppDelegate.swift in Sources */ = {isa = PBXBuildFile; fileRef = B6846D6E2A0CD71D00161C51 /* AppDelegate.swift */; };
		B6846D782A0CD71E00161C51 /* Assets.xcassets in Resources */ = {isa = PBXBuildFile; fileRef = B6846D772A0CD71E00161C51 /* Assets.xcassets */; };
		B6846D7B2A0CD71E00161C51 /* LaunchScreen.storyboard in Resources */ = {isa = PBXBuildFile; fileRef = B6846D792A0CD71E00161C51 /* LaunchScreen.storyboard */; };
		B6846D862A0CDAE200161C51 /* AppCoordinator.swift in Sources */ = {isa = PBXBuildFile; fileRef = B6846D852A0CDAE200161C51 /* AppCoordinator.swift */; };
		B6846D8B2A0CDBDD00161C51 /* FavoritesViewController.swift in Sources */ = {isa = PBXBuildFile; fileRef = B6846D8A2A0CDBDD00161C51 /* FavoritesViewController.swift */; };
		B6846D8D2A0CDC1100161C51 /* HomeViewController.swift in Sources */ = {isa = PBXBuildFile; fileRef = B6846D8C2A0CDC1100161C51 /* HomeViewController.swift */; };
		B6846D912A0CE15E00161C51 /* ImageModel.swift in Sources */ = {isa = PBXBuildFile; fileRef = B6846D902A0CE15E00161C51 /* ImageModel.swift */; };
		B6846D962A0CE1CA00161C51 /* APIManager.swift in Sources */ = {isa = PBXBuildFile; fileRef = B6846D952A0CE1CA00161C51 /* APIManager.swift */; };
		B6846D982A0CE2F500161C51 /* Observable.swift in Sources */ = {isa = PBXBuildFile; fileRef = B6846D972A0CE2F500161C51 /* Observable.swift */; };
		B6846D9A2A0CE33500161C51 /* HomeViewModel.swift in Sources */ = {isa = PBXBuildFile; fileRef = B6846D992A0CE33500161C51 /* HomeViewModel.swift */; };
/* End PBXBuildFile section */

/* Begin PBXFileReference section */
		B6846D6B2A0CD71D00161C51 /* Ray.app */ = {isa = PBXFileReference; explicitFileType = wrapper.application; includeInIndex = 0; path = Ray.app; sourceTree = BUILT_PRODUCTS_DIR; };
		B6846D6E2A0CD71D00161C51 /* AppDelegate.swift */ = {isa = PBXFileReference; lastKnownFileType = sourcecode.swift; path = AppDelegate.swift; sourceTree = "<group>"; };
		B6846D772A0CD71E00161C51 /* Assets.xcassets */ = {isa = PBXFileReference; lastKnownFileType = folder.assetcatalog; path = Assets.xcassets; sourceTree = "<group>"; };
		B6846D7A2A0CD71E00161C51 /* Base */ = {isa = PBXFileReference; lastKnownFileType = file.storyboard; name = Base; path = Base.lproj/LaunchScreen.storyboard; sourceTree = "<group>"; };
		B6846D7C2A0CD71E00161C51 /* Info.plist */ = {isa = PBXFileReference; lastKnownFileType = text.plist.xml; path = Info.plist; sourceTree = "<group>"; };
		B6846D852A0CDAE200161C51 /* AppCoordinator.swift */ = {isa = PBXFileReference; lastKnownFileType = sourcecode.swift; path = AppCoordinator.swift; sourceTree = "<group>"; };
		B6846D8A2A0CDBDD00161C51 /* FavoritesViewController.swift */ = {isa = PBXFileReference; lastKnownFileType = sourcecode.swift; path = FavoritesViewController.swift; sourceTree = "<group>"; };
		B6846D8C2A0CDC1100161C51 /* HomeViewController.swift */ = {isa = PBXFileReference; lastKnownFileType = sourcecode.swift; path = HomeViewController.swift; sourceTree = "<group>"; };
		B6846D902A0CE15E00161C51 /* ImageModel.swift */ = {isa = PBXFileReference; lastKnownFileType = sourcecode.swift; path = ImageModel.swift; sourceTree = "<group>"; };
		B6846D952A0CE1CA00161C51 /* APIManager.swift */ = {isa = PBXFileReference; lastKnownFileType = sourcecode.swift; path = APIManager.swift; sourceTree = "<group>"; };
		B6846D972A0CE2F500161C51 /* Observable.swift */ = {isa = PBXFileReference; lastKnownFileType = sourcecode.swift; path = Observable.swift; sourceTree = "<group>"; };
		B6846D992A0CE33500161C51 /* HomeViewModel.swift */ = {isa = PBXFileReference; lastKnownFileType = sourcecode.swift; path = HomeViewModel.swift; sourceTree = "<group>"; };
/* End PBXFileReference section */

/* Begin PBXFrameworksBuildPhase section */
		B6846D682A0CD71D00161C51 /* Frameworks */ = {
			isa = PBXFrameworksBuildPhase;
			buildActionMask = 2147483647;
			files = (
			);
			runOnlyForDeploymentPostprocessing = 0;
		};
/* End PBXFrameworksBuildPhase section */

/* Begin PBXGroup section */
		B6846D622A0CD71D00161C51 = {
			isa = PBXGroup;
			children = (
				B6846D6D2A0CD71D00161C51 /* Ray */,
				B6846D6C2A0CD71D00161C51 /* Products */,
			);
			sourceTree = "<group>";
		};
		B6846D6C2A0CD71D00161C51 /* Products */ = {
			isa = PBXGroup;
			children = (
				B6846D6B2A0CD71D00161C51 /* Ray.app */,
			);
			name = Products;
			sourceTree = "<group>";
		};
		B6846D6D2A0CD71D00161C51 /* Ray */ = {
			isa = PBXGroup;
			children = (
				B6846D822A0CD8C100161C51 /* App */,
				B6846D942A0CE1AE00161C51 /* Service */,
				B6846D842A0CDAB800161C51 /* Coordinator */,
				B6846D872A0CDAF900161C51 /* Screens */,
				B6846D832A0CD8CD00161C51 /* Support */,
			);
			path = Ray;
			sourceTree = "<group>";
		};
		B6846D822A0CD8C100161C51 /* App */ = {
			isa = PBXGroup;
			children = (
				B6846D6E2A0CD71D00161C51 /* AppDelegate.swift */,
			);
			path = App;
			sourceTree = "<group>";
		};
		B6846D832A0CD8CD00161C51 /* Support */ = {
			isa = PBXGroup;
			children = (
				B6846D772A0CD71E00161C51 /* Assets.xcassets */,
				B6846D792A0CD71E00161C51 /* LaunchScreen.storyboard */,
				B6846D7C2A0CD71E00161C51 /* Info.plist */,
			);
			path = Support;
			sourceTree = "<group>";
		};
		B6846D842A0CDAB800161C51 /* Coordinator */ = {
			isa = PBXGroup;
			children = (
				B6846D852A0CDAE200161C51 /* AppCoordinator.swift */,
			);
			path = Coordinator;
			sourceTree = "<group>";
		};
		B6846D872A0CDAF900161C51 /* Screens */ = {
			isa = PBXGroup;
			children = (
				B6846D882A0CDB0F00161C51 /* Home */,
				B6846D892A0CDBC700161C51 /* Favorites */,
			);
			path = Screens;
			sourceTree = "<group>";
		};
		B6846D882A0CDB0F00161C51 /* Home */ = {
			isa = PBXGroup;
			children = (
				B6846D8F2A0CE14B00161C51 /* Model */,
				B6846D922A0CE18600161C51 /* View */,
				B6846D932A0CE18F00161C51 /* ViewModel */,
			);
			path = Home;
			sourceTree = "<group>";
		};
		B6846D892A0CDBC700161C51 /* Favorites */ = {
			isa = PBXGroup;
			children = (
				B6846D8A2A0CDBDD00161C51 /* FavoritesViewController.swift */,
			);
			path = Favorites;
			sourceTree = "<group>";
		};
		B6846D8F2A0CE14B00161C51 /* Model */ = {
			isa = PBXGroup;
			children = (
				B6846D972A0CE2F500161C51 /* Observable.swift */,
				B6846D902A0CE15E00161C51 /* ImageModel.swift */,
			);
			path = Model;
			sourceTree = "<group>";
		};
		B6846D922A0CE18600161C51 /* View */ = {
			isa = PBXGroup;
			children = (
				B6846D8C2A0CDC1100161C51 /* HomeViewController.swift */,
			);
			path = View;
			sourceTree = "<group>";
		};
		B6846D932A0CE18F00161C51 /* ViewModel */ = {
			isa = PBXGroup;
			children = (
				B6846D992A0CE33500161C51 /* HomeViewModel.swift */,
			);
			path = ViewModel;
			sourceTree = "<group>";
		};
		B6846D942A0CE1AE00161C51 /* Service */ = {
			isa = PBXGroup;
			children = (
				B6846D952A0CE1CA00161C51 /* APIManager.swift */,
			);
			path = Service;
			sourceTree = "<group>";
		};
/* End PBXGroup section */

/* Begin PBXNativeTarget section */
		B6846D6A2A0CD71D00161C51 /* Ray */ = {
			isa = PBXNativeTarget;
			buildConfigurationList = B6846D7F2A0CD71E00161C51 /* Build configuration list for PBXNativeTarget "Ray" */;
			buildPhases = (
				B6846D672A0CD71D00161C51 /* Sources */,
				B6846D682A0CD71D00161C51 /* Frameworks */,
				B6846D692A0CD71D00161C51 /* Resources */,
			);
			buildRules = (
			);
			dependencies = (
			);
			name = Ray;
			productName = Ray;
			productReference = B6846D6B2A0CD71D00161C51 /* Ray.app */;
			productType = "com.apple.product-type.application";
		};
/* End PBXNativeTarget section */

/* Begin PBXProject section */
		B6846D632A0CD71D00161C51 /* Project object */ = {
			isa = PBXProject;
			attributes = {
				BuildIndependentTargetsInParallel = 1;
				LastSwiftUpdateCheck = 1430;
				LastUpgradeCheck = 1430;
				TargetAttributes = {
					B6846D6A2A0CD71D00161C51 = {
						CreatedOnToolsVersion = 14.3;
					};
				};
			};
			buildConfigurationList = B6846D662A0CD71D00161C51 /* Build configuration list for PBXProject "Ray" */;
			compatibilityVersion = "Xcode 14.0";
			developmentRegion = en;
			hasScannedForEncodings = 0;
			knownRegions = (
				en,
				Base,
			);
			mainGroup = B6846D622A0CD71D00161C51;
			productRefGroup = B6846D6C2A0CD71D00161C51 /* Products */;
			projectDirPath = "";
			projectRoot = "";
			targets = (
				B6846D6A2A0CD71D00161C51 /* Ray */,
			);
		};
/* End PBXProject section */

/* Begin PBXResourcesBuildPhase section */
		B6846D692A0CD71D00161C51 /* Resources */ = {
			isa = PBXResourcesBuildPhase;
			buildActionMask = 2147483647;
			files = (
				B6846D7B2A0CD71E00161C51 /* LaunchScreen.storyboard in Resources */,
				B6846D782A0CD71E00161C51 /* Assets.xcassets in Resources */,
			);
			runOnlyForDeploymentPostprocessing = 0;
		};
/* End PBXResourcesBuildPhase section */

/* Begin PBXSourcesBuildPhase section */
		B6846D672A0CD71D00161C51 /* Sources */ = {
			isa = PBXSourcesBuildPhase;
			buildActionMask = 2147483647;
			files = (
				B6846D962A0CE1CA00161C51 /* APIManager.swift in Sources */,
				B6846D8D2A0CDC1100161C51 /* HomeViewController.swift in Sources */,
				B6846D912A0CE15E00161C51 /* ImageModel.swift in Sources */,
				B6846D9A2A0CE33500161C51 /* HomeViewModel.swift in Sources */,
				B6846D982A0CE2F500161C51 /* Observable.swift in Sources */,
				B6846D862A0CDAE200161C51 /* AppCoordinator.swift in Sources */,
				B6846D8B2A0CDBDD00161C51 /* FavoritesViewController.swift in Sources */,
				B6846D6F2A0CD71D00161C51 /* AppDelegate.swift in Sources */,
			);
			runOnlyForDeploymentPostprocessing = 0;
		};
/* End PBXSourcesBuildPhase section */

/* Begin PBXVariantGroup section */
		B6846D792A0CD71E00161C51 /* LaunchScreen.storyboard */ = {
			isa = PBXVariantGroup;
			children = (
				B6846D7A2A0CD71E00161C51 /* Base */,
			);
			name = LaunchScreen.storyboard;
			sourceTree = "<group>";
		};
/* End PBXVariantGroup section */

/* Begin XCBuildConfiguration section */
		B6846D7D2A0CD71E00161C51 /* Debug */ = {
			isa = XCBuildConfiguration;
			buildSettings = {
				ALWAYS_SEARCH_USER_PATHS = NO;
				CLANG_ANALYZER_NONNULL = YES;
				CLANG_ANALYZER_NUMBER_OBJECT_CONVERSION = YES_AGGRESSIVE;
				CLANG_CXX_LANGUAGE_STANDARD = "gnu++20";
				CLANG_ENABLE_MODULES = YES;
				CLANG_ENABLE_OBJC_ARC = YES;
				CLANG_ENABLE_OBJC_WEAK = YES;
				CLANG_WARN_BLOCK_CAPTURE_AUTORELEASING = YES;
				CLANG_WARN_BOOL_CONVERSION = YES;
				CLANG_WARN_COMMA = YES;
				CLANG_WARN_CONSTANT_CONVERSION = YES;
				CLANG_WARN_DEPRECATED_OBJC_IMPLEMENTATIONS = YES;
				CLANG_WARN_DIRECT_OBJC_ISA_USAGE = YES_ERROR;
				CLANG_WARN_DOCUMENTATION_COMMENTS = YES;
				CLANG_WARN_EMPTY_BODY = YES;
				CLANG_WARN_ENUM_CONVERSION = YES;
				CLANG_WARN_INFINITE_RECURSION = YES;
				CLANG_WARN_INT_CONVERSION = YES;
				CLANG_WARN_NON_LITERAL_NULL_CONVERSION = YES;
				CLANG_WARN_OBJC_IMPLICIT_RETAIN_SELF = YES;
				CLANG_WARN_OBJC_LITERAL_CONVERSION = YES;
				CLANG_WARN_OBJC_ROOT_CLASS = YES_ERROR;
				CLANG_WARN_QUOTED_INCLUDE_IN_FRAMEWORK_HEADER = YES;
				CLANG_WARN_RANGE_LOOP_ANALYSIS = YES;
				CLANG_WARN_STRICT_PROTOTYPES = YES;
				CLANG_WARN_SUSPICIOUS_MOVE = YES;
				CLANG_WARN_UNGUARDED_AVAILABILITY = YES_AGGRESSIVE;
				CLANG_WARN_UNREACHABLE_CODE = YES;
				CLANG_WARN__DUPLICATE_METHOD_MATCH = YES;
				COPY_PHASE_STRIP = NO;
				DEBUG_INFORMATION_FORMAT = dwarf;
				ENABLE_STRICT_OBJC_MSGSEND = YES;
				ENABLE_TESTABILITY = YES;
				GCC_C_LANGUAGE_STANDARD = gnu11;
				GCC_DYNAMIC_NO_PIC = NO;
				GCC_NO_COMMON_BLOCKS = YES;
				GCC_OPTIMIZATION_LEVEL = 0;
				GCC_PREPROCESSOR_DEFINITIONS = (
					"DEBUG=1",
					"$(inherited)",
				);
				GCC_WARN_64_TO_32_BIT_CONVERSION = YES;
				GCC_WARN_ABOUT_RETURN_TYPE = YES_ERROR;
				GCC_WARN_UNDECLARED_SELECTOR = YES;
				GCC_WARN_UNINITIALIZED_AUTOS = YES_AGGRESSIVE;
				GCC_WARN_UNUSED_FUNCTION = YES;
				GCC_WARN_UNUSED_VARIABLE = YES;
				IPHONEOS_DEPLOYMENT_TARGET = 16.4;
				MTL_ENABLE_DEBUG_INFO = INCLUDE_SOURCE;
				MTL_FAST_MATH = YES;
				ONLY_ACTIVE_ARCH = YES;
				SDKROOT = iphoneos;
				SWIFT_ACTIVE_COMPILATION_CONDITIONS = DEBUG;
				SWIFT_OPTIMIZATION_LEVEL = "-Onone";
			};
			name = Debug;
		};
		B6846D7E2A0CD71E00161C51 /* Release */ = {
			isa = XCBuildConfiguration;
			buildSettings = {
				ALWAYS_SEARCH_USER_PATHS = NO;
				CLANG_ANALYZER_NONNULL = YES;
				CLANG_ANALYZER_NUMBER_OBJECT_CONVERSION = YES_AGGRESSIVE;
				CLANG_CXX_LANGUAGE_STANDARD = "gnu++20";
				CLANG_ENABLE_MODULES = YES;
				CLANG_ENABLE_OBJC_ARC = YES;
				CLANG_ENABLE_OBJC_WEAK = YES;
				CLANG_WARN_BLOCK_CAPTURE_AUTORELEASING = YES;
				CLANG_WARN_BOOL_CONVERSION = YES;
				CLANG_WARN_COMMA = YES;
				CLANG_WARN_CONSTANT_CONVERSION = YES;
				CLANG_WARN_DEPRECATED_OBJC_IMPLEMENTATIONS = YES;
				CLANG_WARN_DIRECT_OBJC_ISA_USAGE = YES_ERROR;
				CLANG_WARN_DOCUMENTATION_COMMENTS = YES;
				CLANG_WARN_EMPTY_BODY = YES;
				CLANG_WARN_ENUM_CONVERSION = YES;
				CLANG_WARN_INFINITE_RECURSION = YES;
				CLANG_WARN_INT_CONVERSION = YES;
				CLANG_WARN_NON_LITERAL_NULL_CONVERSION = YES;
				CLANG_WARN_OBJC_IMPLICIT_RETAIN_SELF = YES;
				CLANG_WARN_OBJC_LITERAL_CONVERSION = YES;
				CLANG_WARN_OBJC_ROOT_CLASS = YES_ERROR;
				CLANG_WARN_QUOTED_INCLUDE_IN_FRAMEWORK_HEADER = YES;
				CLANG_WARN_RANGE_LOOP_ANALYSIS = YES;
				CLANG_WARN_STRICT_PROTOTYPES = YES;
				CLANG_WARN_SUSPICIOUS_MOVE = YES;
				CLANG_WARN_UNGUARDED_AVAILABILITY = YES_AGGRESSIVE;
				CLANG_WARN_UNREACHABLE_CODE = YES;
				CLANG_WARN__DUPLICATE_METHOD_MATCH = YES;
				COPY_PHASE_STRIP = NO;
				DEBUG_INFORMATION_FORMAT = "dwarf-with-dsym";
				ENABLE_NS_ASSERTIONS = NO;
				ENABLE_STRICT_OBJC_MSGSEND = YES;
				GCC_C_LANGUAGE_STANDARD = gnu11;
				GCC_NO_COMMON_BLOCKS = YES;
				GCC_WARN_64_TO_32_BIT_CONVERSION = YES;
				GCC_WARN_ABOUT_RETURN_TYPE = YES_ERROR;
				GCC_WARN_UNDECLARED_SELECTOR = YES;
				GCC_WARN_UNINITIALIZED_AUTOS = YES_AGGRESSIVE;
				GCC_WARN_UNUSED_FUNCTION = YES;
				GCC_WARN_UNUSED_VARIABLE = YES;
				IPHONEOS_DEPLOYMENT_TARGET = 16.4;
				MTL_ENABLE_DEBUG_INFO = NO;
				MTL_FAST_MATH = YES;
				SDKROOT = iphoneos;
				SWIFT_COMPILATION_MODE = wholemodule;
				SWIFT_OPTIMIZATION_LEVEL = "-O";
				VALIDATE_PRODUCT = YES;
			};
			name = Release;
		};
		B6846D802A0CD71E00161C51 /* Debug */ = {
			isa = XCBuildConfiguration;
			buildSettings = {
				ASSETCATALOG_COMPILER_APPICON_NAME = AppIcon;
				ASSETCATALOG_COMPILER_GLOBAL_ACCENT_COLOR_NAME = AccentColor;
				CODE_SIGN_STYLE = Automatic;
				CURRENT_PROJECT_VERSION = 1;
				DEVELOPMENT_TEAM = 7FAA7L9346;
				GENERATE_INFOPLIST_FILE = YES;
				INFOPLIST_FILE = Ray/Support/Info.plist;
				INFOPLIST_KEY_UIApplicationSupportsIndirectInputEvents = YES;
				INFOPLIST_KEY_UILaunchStoryboardName = LaunchScreen;
				INFOPLIST_KEY_UISupportedInterfaceOrientations_iPad = "UIInterfaceOrientationPortrait UIInterfaceOrientationPortraitUpsideDown UIInterfaceOrientationLandscapeLeft UIInterfaceOrientationLandscapeRight";
				INFOPLIST_KEY_UISupportedInterfaceOrientations_iPhone = "UIInterfaceOrientationPortrait UIInterfaceOrientationLandscapeLeft UIInterfaceOrientationLandscapeRight";
				IPHONEOS_DEPLOYMENT_TARGET = 12.0;
				LD_RUNPATH_SEARCH_PATHS = (
					"$(inherited)",
					"@executable_path/Frameworks",
				);
				MARKETING_VERSION = 1.0;
				PRODUCT_BUNDLE_IDENTIFIER = virusloki.Ray;
				PRODUCT_NAME = "$(TARGET_NAME)";
				SWIFT_EMIT_LOC_STRINGS = YES;
				SWIFT_VERSION = 5.0;
				TARGETED_DEVICE_FAMILY = "1,2";
			};
			name = Debug;
		};
		B6846D812A0CD71E00161C51 /* Release */ = {
			isa = XCBuildConfiguration;
			buildSettings = {
				ASSETCATALOG_COMPILER_APPICON_NAME = AppIcon;
				ASSETCATALOG_COMPILER_GLOBAL_ACCENT_COLOR_NAME = AccentColor;
				CODE_SIGN_STYLE = Automatic;
				CURRENT_PROJECT_VERSION = 1;
				DEVELOPMENT_TEAM = 7FAA7L9346;
				GENERATE_INFOPLIST_FILE = YES;
				INFOPLIST_FILE = Ray/Support/Info.plist;
				INFOPLIST_KEY_UIApplicationSupportsIndirectInputEvents = YES;
				INFOPLIST_KEY_UILaunchStoryboardName = LaunchScreen;
				INFOPLIST_KEY_UISupportedInterfaceOrientations_iPad = "UIInterfaceOrientationPortrait UIInterfaceOrientationPortraitUpsideDown UIInterfaceOrientationLandscapeLeft UIInterfaceOrientationLandscapeRight";
				INFOPLIST_KEY_UISupportedInterfaceOrientations_iPhone = "UIInterfaceOrientationPortrait UIInterfaceOrientationLandscapeLeft UIInterfaceOrientationLandscapeRight";
				IPHONEOS_DEPLOYMENT_TARGET = 12.0;
				LD_RUNPATH_SEARCH_PATHS = (
					"$(inherited)",
					"@executable_path/Frameworks",
				);
				MARKETING_VERSION = 1.0;
				PRODUCT_BUNDLE_IDENTIFIER = virusloki.Ray;
				PRODUCT_NAME = "$(TARGET_NAME)";
				SWIFT_EMIT_LOC_STRINGS = YES;
				SWIFT_VERSION = 5.0;
				TARGETED_DEVICE_FAMILY = "1,2";
			};
			name = Release;
		};
/* End XCBuildConfiguration section */

/* Begin XCConfigurationList section */
		B6846D662A0CD71D00161C51 /* Build configuration list for PBXProject "Ray" */ = {
			isa = XCConfigurationList;
			buildConfigurations = (
				B6846D7D2A0CD71E00161C51 /* Debug */,
				B6846D7E2A0CD71E00161C51 /* Release */,
			);
			defaultConfigurationIsVisible = 0;
			defaultConfigurationName = Release;
		};
		B6846D7F2A0CD71E00161C51 /* Build configuration list for PBXNativeTarget "Ray" */ = {
			isa = XCConfigurationList;
			buildConfigurations = (
				B6846D802A0CD71E00161C51 /* Debug */,
				B6846D812A0CD71E00161C51 /* Release */,
			);
			defaultConfigurationIsVisible = 0;
			defaultConfigurationName = Release;
		};
/* End XCConfigurationList section */
	};
	rootObject = B6846D632A0CD71D00161C51 /* Project object */;
}
